
Microsoft Visual Studio Solution File, Format Version 12.00
# Visual Studio Version 16
VisualStudioVersion = 16.0.30330.147
MinimumVisualStudioVersion = 10.0.40219.1
Project("{FAE04EC0-301F-11D3-BF4B-00C04F79EFBC}") = "Calculadora", "Calculadora.csproj", "{AF7C28A6-DF4B-4C76-BA04-D1FB993A5034}"
EndProject
Global
	GlobalSection(SolutionConfigurationPlatforms) = preSolution
		Debug|Any CPU = Debug|Any CPU
		Release|Any CPU = Release|Any CPU
	EndGlobalSection
	GlobalSection(ProjectConfigurationPlatforms) = postSolution
		{AF7C28A6-DF4B-4C76-BA04-D1FB993A5034}.Debug|Any CPU.ActiveCfg = Debug|Any CPU
		{AF7C28A6-DF4B-4C76-BA04-D1FB993A5034}.Debug|Any CPU.Build.0 = Debug|Any CPU
		{AF7C28A6-DF4B-4C76-BA04-D1FB993A5034}.Release|Any CPU.ActiveCfg = Release|Any CPU
		{AF7C28A6-DF4B-4C76-BA04-D1FB993A5034}.Release|Any CPU.Build.0 = Release|Any CPU
	EndGlobalSection
	GlobalSection(SolutionProperties) = preSolution
		HideSolutionNode = FALSE
	EndGlobalSection
	GlobalSection(ExtensibilityGlobals) = postSolution
		SolutionGuid = {8AC3745A-E0B8-44F5-B5DE-2C8E0F649B49}
	EndGlobalSection
EndGlobal
